
Microsoft Visual Studio Solution File, Format Version 12.00
# Visual Studio Version 16
VisualStudioVersion = 16.0.30803.129
MinimumVisualStudioVersion = 10.0.40219.1
Project("{778DAE3C-4631-46EA-AA77-85C1314464D9}") = "COH", "Common\COH.GameContent\COH.vbproj", "{DB5DADC6-9949-4DFA-9021-FB909BC17FDA}"
EndProject
Project("{778DAE3C-4631-46EA-AA77-85C1314464D9}") = "COH.GameContent.MessageStores", "Common\COH.GameContent.MessageStores\COH.GameContent.MessageStores.vbproj", "{326AC461-EE5C-4872-862B-5F522FB8AC52}"
EndProject
Project("{778DAE3C-4631-46EA-AA77-85C1314464D9}") = "COH.GameContent.Structures.Resources", "Common\COH.GameContent.Resources\COH.GameContent.Structures.Resources.vbproj", "{4EBD4F82-F6B2-4731-91F2-3B2EAE5626B5}"
EndProject
Project("{778DAE3C-4631-46EA-AA77-85C1314464D9}") = "COH.GameContent.Structures", "Common\COH.GameContent.Structures\COH.GameContent.Structures.vbproj", "{8226245E-4CB0-4EAC-B22F-409B50175E6A}"
EndProject
Project("{2150E333-8FDC-42A3-9474-1A3956D46DE8}") = "Storage", "Storage", "{AC69A0A6-068E-476E-A820-D4EC3F746571}"
EndProject
Project("{778DAE3C-4631-46EA-AA77-85C1314464D9}") = "COH.Storage.Containers.PiggyBin", "Common\COH.Storage.PiggyBin\COH.Storage.Containers.PiggyBin.vbproj", "{84F640E5-12A1-48B6-924B-9C2B4A08CA73}"
EndProject
Project("{2150E333-8FDC-42A3-9474-1A3956D46DE8}") = "Toolkit", "Toolkit", "{2416DC8F-B0E6-43B8-A9A5-391D66B2A809}"
EndProject
Project("{778DAE3C-4631-46EA-AA77-85C1314464D9}") = "Community ToolKit", "Toolkit\CommunityToolkit\Community ToolKit.vbproj", "{AAE6E2C5-544B-452D-97DF-59390BD0047F}"
EndProject
Project("{778DAE3C-4631-46EA-AA77-85C1314464D9}") = "COH.Toolkit.Controls_OLD", "Toolkit\COH.Toolkit.Controls.Forms\COH.Toolkit.Controls_OLD.vbproj", "{A81A7080-229B-4651-B255-C764D086C201}"
EndProject
Project("{2150E333-8FDC-42A3-9474-1A3956D46DE8}") = "GameServers", "GameServers", "{99500218-E608-4FD6-B8D6-C6AD3EECD1BA}"
EndProject
Project("{778DAE3C-4631-46EA-AA77-85C1314464D9}") = "AccountServer", "Servers\AccountServer\AccountServer.vbproj", "{C8007A1B-3321-4368-8C8A-2DE67A195F8C}"
EndProject
Project("{778DAE3C-4631-46EA-AA77-85C1314464D9}") = "AuthorizationServer", "Servers\AuthorizationServer\AuthorizationServer.vbproj", "{26124A7F-E87C-43A2-82D5-03EFAC179097}"
EndProject
Project("{778DAE3C-4631-46EA-AA77-85C1314464D9}") = "COH.Accounts", "Common\COH.Accounts\COH.Accounts.vbproj", "{AD7A5E9E-AAC2-4034-A9EC-7D84AF707C33}"
EndProject
Project("{778DAE3C-4631-46EA-AA77-85C1314464D9}") = "COH.Storage.Serialize", "Common\COH.Storage.Structures\COH.Storage.Serialize.vbproj", "{DD3DDB30-E89C-47F4-995A-6A31BC6289F3}"
EndProject
Project("{2150E333-8FDC-42A3-9474-1A3956D46DE8}") = "Common (Shared)", "Common (Shared)", "{6D877B11-8658-4C18-8883-067E52F1E044}"
EndProject
Project("{778DAE3C-4631-46EA-AA77-85C1314464D9}") = "COH.Storage.Containers.CrypticBin", "Common\COH.Storage.CrypticBin\COH.Storage.Containers.CrypticBin.vbproj", "{28377B12-BA38-40B3-A6DF-E3D21B64E760}"
EndProject
Project("{778DAE3C-4631-46EA-AA77-85C1314464D9}") = "COH.Toolkit", "Toolkit\COH.Toolkit\COH.Toolkit.vbproj", "{72CE3BBB-BDD0-45D4-9F16-CEE624556A6E}"
EndProject
Project("{778DAE3C-4631-46EA-AA77-85C1314464D9}") = "COH.Storage.Databases", "Common\COH.Storage.Databases\COH.Storage.Databases.vbproj", "{02806AB4-BA03-410F-9C67-AC9F12B84BB4}"
EndProject
Project("{778DAE3C-4631-46EA-AA77-85C1314464D9}") = "COH.Storage.Databases.SQL", "Common\COH.Storage.Databases.SQL\COH.Storage.Databases.SQL.vbproj", "{B7822616-F7DE-41CB-BEA6-B7AA7C79219D}"
EndProject
Project("{778DAE3C-4631-46EA-AA77-85C1314464D9}") = "COH.Storage.Databases.SQL_Lite", "Common\COH.Storage.Databases.SQL_Lite\COH.Storage.Databases.SQL_Lite.vbproj", "{642B502B-ED1F-49B7-A662-8BFCB0FD3FC6}"
EndProject
Project("{2150E333-8FDC-42A3-9474-1A3956D46DE8}") = "Storage.Databases", "Storage.Databases", "{C7DF3DE8-FE40-4925-87C6-67ABF2CBAA22}"
EndProject
Project("{778DAE3C-4631-46EA-AA77-85C1314464D9}") = "COH.Storage.Databases.XML", "Common\COH.Storage.Databases.XML\COH.Storage.Databases.XML.vbproj", "{7593C641-8ABF-42E7-97DE-9F8346745608}"
EndProject
Project("{2150E333-8FDC-42A3-9474-1A3956D46DE8}") = "__OLD SOURCES", "__OLD SOURCES", "{734AEF3C-DA42-49DA-ACBE-A4C5DA4913D0}"
EndProject
Project("{778DAE3C-4631-46EA-AA77-85C1314464D9}") = "CityofHeroes_CommunityToolkit", "Toolkit\CityofHeroes_CommunityToolkit\CityofHeroes_CommunityToolkit.vbproj", "{A277CE7E-E6C3-4882-9D97-5F9739C10FD9}"
EndProject
Project("{2150E333-8FDC-42A3-9474-1A3956D46DE8}") = "_Frameworks", "_Frameworks", "{7BC6A52A-603D-40CD-B3DC-44330B255DFD}"
EndProject
Project("{778DAE3C-4631-46EA-AA77-85C1314464D9}") = "COH.Toolkit.Controls", "Toolkit\COH.Toolkit.Controls\COH.Toolkit.Controls.vbproj", "{8A53E4B1-10DE-4F70-8C20-F4D0CCEAE676}"
EndProject
Global
	GlobalSection(SolutionConfigurationPlatforms) = preSolution
		Debug_Toolkit|Any CPU = Debug_Toolkit|Any CPU
		Debug_Toolkit|x64 = Debug_Toolkit|x64
		Release_Client|Any CPU = Release_Client|Any CPU
		Release_Client|x64 = Release_Client|x64
		Release_GameServer|Any CPU = Release_GameServer|Any CPU
		Release_GameServer|x64 = Release_GameServer|x64
		Release_Toolkit|Any CPU = Release_Toolkit|Any CPU
		Release_Toolkit|x64 = Release_Toolkit|x64
	EndGlobalSection
	GlobalSection(ProjectConfigurationPlatforms) = postSolution
		{DB5DADC6-9949-4DFA-9021-FB909BC17FDA}.Debug_Toolkit|Any CPU.ActiveCfg = Debug_Toolkit|Any CPU
		{DB5DADC6-9949-4DFA-9021-FB909BC17FDA}.Debug_Toolkit|Any CPU.Build.0 = Debug_Toolkit|Any CPU
		{DB5DADC6-9949-4DFA-9021-FB909BC17FDA}.Debug_Toolkit|x64.ActiveCfg = Debug_Toolkit|Any CPU
		{DB5DADC6-9949-4DFA-9021-FB909BC17FDA}.Debug_Toolkit|x64.Build.0 = Debug_Toolkit|Any CPU
		{DB5DADC6-9949-4DFA-9021-FB909BC17FDA}.Release_Client|Any CPU.ActiveCfg = Release_Client|Any CPU
		{DB5DADC6-9949-4DFA-9021-FB909BC17FDA}.Release_Client|Any CPU.Build.0 = Release_Client|Any CPU
		{DB5DADC6-9949-4DFA-9021-FB909BC17FDA}.Release_Client|x64.ActiveCfg = Release_Client|Any CPU
		{DB5DADC6-9949-4DFA-9021-FB909BC17FDA}.Release_Client|x64.Build.0 = Release_Client|Any CPU
		{DB5DADC6-9949-4DFA-9021-FB909BC17FDA}.Release_GameServer|Any CPU.ActiveCfg = Release_GameServer|Any CPU
		{DB5DADC6-9949-4DFA-9021-FB909BC17FDA}.Release_GameServer|Any CPU.Build.0 = Release_GameServer|Any CPU
		{DB5DADC6-9949-4DFA-9021-FB909BC17FDA}.Release_GameServer|x64.ActiveCfg = Release_GameServer|Any CPU
		{DB5DADC6-9949-4DFA-9021-FB909BC17FDA}.Release_GameServer|x64.Build.0 = Release_GameServer|Any CPU
		{DB5DADC6-9949-4DFA-9021-FB909BC17FDA}.Release_Toolkit|Any CPU.ActiveCfg = Release_Toolkit|Any CPU
		{DB5DADC6-9949-4DFA-9021-FB909BC17FDA}.Release_Toolkit|Any CPU.Build.0 = Release_Toolkit|Any CPU
		{DB5DADC6-9949-4DFA-9021-FB909BC17FDA}.Release_Toolkit|x64.ActiveCfg = Release_Toolkit|Any CPU
		{DB5DADC6-9949-4DFA-9021-FB909BC17FDA}.Release_Toolkit|x64.Build.0 = Release_Toolkit|Any CPU
		{326AC461-EE5C-4872-862B-5F522FB8AC52}.Debug_Toolkit|Any CPU.ActiveCfg = Debug_Toolkit|Any CPU
		{326AC461-EE5C-4872-862B-5F522FB8AC52}.Debug_Toolkit|Any CPU.Build.0 = Debug_Toolkit|Any CPU
		{326AC461-EE5C-4872-862B-5F522FB8AC52}.Debug_Toolkit|x64.ActiveCfg = Debug_Toolkit|Any CPU
		{326AC461-EE5C-4872-862B-5F522FB8AC52}.Debug_Toolkit|x64.Build.0 = Debug_Toolkit|Any CPU
		{326AC461-EE5C-4872-862B-5F522FB8AC52}.Release_Client|Any CPU.ActiveCfg = Release_Client|Any CPU
		{326AC461-EE5C-4872-862B-5F522FB8AC52}.Release_Client|Any CPU.Build.0 = Release_Client|Any CPU
		{326AC461-EE5C-4872-862B-5F522FB8AC52}.Release_Client|x64.ActiveCfg = Release_Client|Any CPU
		{326AC461-EE5C-4872-862B-5F522FB8AC52}.Release_Client|x64.Build.0 = Release_Client|Any CPU
		{326AC461-EE5C-4872-862B-5F522FB8AC52}.Release_GameServer|Any CPU.ActiveCfg = Release_GameServer|Any CPU
		{326AC461-EE5C-4872-862B-5F522FB8AC52}.Release_GameServer|Any CPU.Build.0 = Release_GameServer|Any CPU
		{326AC461-EE5C-4872-862B-5F522FB8AC52}.Release_GameServer|x64.ActiveCfg = Release_GameServer|Any CPU
		{326AC461-EE5C-4872-862B-5F522FB8AC52}.Release_GameServer|x64.Build.0 = Release_GameServer|Any CPU
		{326AC461-EE5C-4872-862B-5F522FB8AC52}.Release_Toolkit|Any CPU.ActiveCfg = Release_Toolkit|Any CPU
		{326AC461-EE5C-4872-862B-5F522FB8AC52}.Release_Toolkit|Any CPU.Build.0 = Release_Toolkit|Any CPU
		{326AC461-EE5C-4872-862B-5F522FB8AC52}.Release_Toolkit|x64.ActiveCfg = Release_Toolkit|Any CPU
		{326AC461-EE5C-4872-862B-5F522FB8AC52}.Release_Toolkit|x64.Build.0 = Release_Toolkit|Any CPU
		{4EBD4F82-F6B2-4731-91F2-3B2EAE5626B5}.Debug_Toolkit|Any CPU.ActiveCfg = Debug_Toolkit|Any CPU
		{4EBD4F82-F6B2-4731-91F2-3B2EAE5626B5}.Debug_Toolkit|Any CPU.Build.0 = Debug_Toolkit|Any CPU
		{4EBD4F82-F6B2-4731-91F2-3B2EAE5626B5}.Debug_Toolkit|x64.ActiveCfg = Debug_Toolkit|Any CPU
		{4EBD4F82-F6B2-4731-91F2-3B2EAE5626B5}.Debug_Toolkit|x64.Build.0 = Debug_Toolkit|Any CPU
		{4EBD4F82-F6B2-4731-91F2-3B2EAE5626B5}.Release_Client|Any CPU.ActiveCfg = Release_Client|Any CPU
		{4EBD4F82-F6B2-4731-91F2-3B2EAE5626B5}.Release_Client|Any CPU.Build.0 = Release_Client|Any CPU
		{4EBD4F82-F6B2-4731-91F2-3B2EAE5626B5}.Release_Client|x64.ActiveCfg = Release_Client|Any CPU
		{4EBD4F82-F6B2-4731-91F2-3B2EAE5626B5}.Release_Client|x64.Build.0 = Release_Client|Any CPU
		{4EBD4F82-F6B2-4731-91F2-3B2EAE5626B5}.Release_GameServer|Any CPU.ActiveCfg = Release_GameServer|Any CPU
		{4EBD4F82-F6B2-4731-91F2-3B2EAE5626B5}.Release_GameServer|Any CPU.Build.0 = Release_GameServer|Any CPU
		{4EBD4F82-F6B2-4731-91F2-3B2EAE5626B5}.Release_GameServer|x64.ActiveCfg = Release_GameServer|Any CPU
		{4EBD4F82-F6B2-4731-91F2-3B2EAE5626B5}.Release_GameServer|x64.Build.0 = Release_GameServer|Any CPU
		{4EBD4F82-F6B2-4731-91F2-3B2EAE5626B5}.Release_Toolkit|Any CPU.ActiveCfg = Release_Toolkit|Any CPU
		{4EBD4F82-F6B2-4731-91F2-3B2EAE5626B5}.Release_Toolkit|Any CPU.Build.0 = Release_Toolkit|Any CPU
		{4EBD4F82-F6B2-4731-91F2-3B2EAE5626B5}.Release_Toolkit|x64.ActiveCfg = Release_Toolkit|Any CPU
		{4EBD4F82-F6B2-4731-91F2-3B2EAE5626B5}.Release_Toolkit|x64.Build.0 = Release_Toolkit|Any CPU
		{8226245E-4CB0-4EAC-B22F-409B50175E6A}.Debug_Toolkit|Any CPU.ActiveCfg = Debug_Toolkit|Any CPU
		{8226245E-4CB0-4EAC-B22F-409B50175E6A}.Debug_Toolkit|Any CPU.Build.0 = Debug_Toolkit|Any CPU
		{8226245E-4CB0-4EAC-B22F-409B50175E6A}.Debug_Toolkit|x64.ActiveCfg = Debug_Toolkit|Any CPU
		{8226245E-4CB0-4EAC-B22F-409B50175E6A}.Debug_Toolkit|x64.Build.0 = Debug_Toolkit|Any CPU
		{8226245E-4CB0-4EAC-B22F-409B50175E6A}.Release_Client|Any CPU.ActiveCfg = Release_Client|Any CPU
		{8226245E-4CB0-4EAC-B22F-409B50175E6A}.Release_Client|Any CPU.Build.0 = Release_Client|Any CPU
		{8226245E-4CB0-4EAC-B22F-409B50175E6A}.Release_Client|x64.ActiveCfg = Release_Client|Any CPU
		{8226245E-4CB0-4EAC-B22F-409B50175E6A}.Release_Client|x64.Build.0 = Release_Client|Any CPU
		{8226245E-4CB0-4EAC-B22F-409B50175E6A}.Release_GameServer|Any CPU.ActiveCfg = Release_GameServer|Any CPU
		{8226245E-4CB0-4EAC-B22F-409B50175E6A}.Release_GameServer|Any CPU.Build.0 = Release_GameServer|Any CPU
		{8226245E-4CB0-4EAC-B22F-409B50175E6A}.Release_GameServer|x64.ActiveCfg = Release_GameServer|Any CPU
		{8226245E-4CB0-4EAC-B22F-409B50175E6A}.Release_GameServer|x64.Build.0 = Release_GameServer|Any CPU
		{8226245E-4CB0-4EAC-B22F-409B50175E6A}.Release_Toolkit|Any CPU.ActiveCfg = Release_Toolkit|Any CPU
		{8226245E-4CB0-4EAC-B22F-409B50175E6A}.Release_Toolkit|Any CPU.Build.0 = Release_Toolkit|Any CPU
		{8226245E-4CB0-4EAC-B22F-409B50175E6A}.Release_Toolkit|x64.ActiveCfg = Release_Toolkit|Any CPU
		{8226245E-4CB0-4EAC-B22F-409B50175E6A}.Release_Toolkit|x64.Build.0 = Release_Toolkit|Any CPU
		{84F640E5-12A1-48B6-924B-9C2B4A08CA73}.Debug_Toolkit|Any CPU.ActiveCfg = Debug_Toolkit|Any CPU
		{84F640E5-12A1-48B6-924B-9C2B4A08CA73}.Debug_Toolkit|Any CPU.Build.0 = Debug_Toolkit|Any CPU
		{84F640E5-12A1-48B6-924B-9C2B4A08CA73}.Debug_Toolkit|x64.ActiveCfg = Debug_Toolkit|Any CPU
		{84F640E5-12A1-48B6-924B-9C2B4A08CA73}.Debug_Toolkit|x64.Build.0 = Debug_Toolkit|Any CPU
		{84F640E5-12A1-48B6-924B-9C2B4A08CA73}.Release_Client|Any CPU.ActiveCfg = Release_Client|Any CPU
		{84F640E5-12A1-48B6-924B-9C2B4A08CA73}.Release_Client|Any CPU.Build.0 = Release_Client|Any CPU
		{84F640E5-12A1-48B6-924B-9C2B4A08CA73}.Release_Client|x64.ActiveCfg = Release_Client|Any CPU
		{84F640E5-12A1-48B6-924B-9C2B4A08CA73}.Release_Client|x64.Build.0 = Release_Client|Any CPU
		{84F640E5-12A1-48B6-924B-9C2B4A08CA73}.Release_GameServer|Any CPU.ActiveCfg = Release_GameServer|Any CPU
		{84F640E5-12A1-48B6-924B-9C2B4A08CA73}.Release_GameServer|Any CPU.Build.0 = Release_GameServer|Any CPU
		{84F640E5-12A1-48B6-924B-9C2B4A08CA73}.Release_GameServer|x64.ActiveCfg = Release_GameServer|Any CPU
		{84F640E5-12A1-48B6-924B-9C2B4A08CA73}.Release_GameServer|x64.Build.0 = Release_GameServer|Any CPU
		{84F640E5-12A1-48B6-924B-9C2B4A08CA73}.Release_Toolkit|Any CPU.ActiveCfg = Release_Toolkit|Any CPU
		{84F640E5-12A1-48B6-924B-9C2B4A08CA73}.Release_Toolkit|Any CPU.Build.0 = Release_Toolkit|Any CPU
		{84F640E5-12A1-48B6-924B-9C2B4A08CA73}.Release_Toolkit|x64.ActiveCfg = Release_Toolkit|Any CPU
		{84F640E5-12A1-48B6-924B-9C2B4A08CA73}.Release_Toolkit|x64.Build.0 = Release_Toolkit|Any CPU
		{AAE6E2C5-544B-452D-97DF-59390BD0047F}.Debug_Toolkit|Any CPU.ActiveCfg = Debug_Toolkit|Any CPU
		{AAE6E2C5-544B-452D-97DF-59390BD0047F}.Debug_Toolkit|Any CPU.Build.0 = Debug_Toolkit|Any CPU
		{AAE6E2C5-544B-452D-97DF-59390BD0047F}.Debug_Toolkit|x64.ActiveCfg = Debug_Toolkit|Any CPU
		{AAE6E2C5-544B-452D-97DF-59390BD0047F}.Debug_Toolkit|x64.Build.0 = Debug_Toolkit|Any CPU
		{AAE6E2C5-544B-452D-97DF-59390BD0047F}.Release_Client|Any CPU.ActiveCfg = Release_Client|Any CPU
		{AAE6E2C5-544B-452D-97DF-59390BD0047F}.Release_Client|Any CPU.Build.0 = Release_Client|Any CPU
		{AAE6E2C5-544B-452D-97DF-59390BD0047F}.Release_Client|x64.ActiveCfg = Release_Client|Any CPU
		{AAE6E2C5-544B-452D-97DF-59390BD0047F}.Release_Client|x64.Build.0 = Release_Client|Any CPU
		{AAE6E2C5-544B-452D-97DF-59390BD0047F}.Release_GameServer|Any CPU.ActiveCfg = Release_GameServer|Any CPU
		{AAE6E2C5-544B-452D-97DF-59390BD0047F}.Release_GameServer|Any CPU.Build.0 = Release_GameServer|Any CPU
		{AAE6E2C5-544B-452D-97DF-59390BD0047F}.Release_GameServer|x64.ActiveCfg = Release_GameServer|Any CPU
		{AAE6E2C5-544B-452D-97DF-59390BD0047F}.Release_GameServer|x64.Build.0 = Release_GameServer|Any CPU
		{AAE6E2C5-544B-452D-97DF-59390BD0047F}.Release_Toolkit|Any CPU.ActiveCfg = Release_Toolkit|Any CPU
		{AAE6E2C5-544B-452D-97DF-59390BD0047F}.Release_Toolkit|Any CPU.Build.0 = Release_Toolkit|Any CPU
		{AAE6E2C5-544B-452D-97DF-59390BD0047F}.Release_Toolkit|x64.ActiveCfg = Release_Toolkit|Any CPU
		{AAE6E2C5-544B-452D-97DF-59390BD0047F}.Release_Toolkit|x64.Build.0 = Release_Toolkit|Any CPU
		{A81A7080-229B-4651-B255-C764D086C201}.Debug_Toolkit|Any CPU.ActiveCfg = Debug_Toolkit|Any CPU
		{A81A7080-229B-4651-B255-C764D086C201}.Debug_Toolkit|Any CPU.Build.0 = Debug_Toolkit|Any CPU
		{A81A7080-229B-4651-B255-C764D086C201}.Debug_Toolkit|x64.ActiveCfg = Debug_Toolkit|Any CPU
		{A81A7080-229B-4651-B255-C764D086C201}.Debug_Toolkit|x64.Build.0 = Debug_Toolkit|Any CPU
		{A81A7080-229B-4651-B255-C764D086C201}.Release_Client|Any CPU.ActiveCfg = Release_Client|Any CPU
		{A81A7080-229B-4651-B255-C764D086C201}.Release_Client|Any CPU.Build.0 = Release_Client|Any CPU
		{A81A7080-229B-4651-B255-C764D086C201}.Release_Client|x64.ActiveCfg = Release_Client|Any CPU
		{A81A7080-229B-4651-B255-C764D086C201}.Release_Client|x64.Build.0 = Release_Client|Any CPU
		{A81A7080-229B-4651-B255-C764D086C201}.Release_GameServer|Any CPU.ActiveCfg = Release_GameServer|Any CPU
		{A81A7080-229B-4651-B255-C764D086C201}.Release_GameServer|Any CPU.Build.0 = Release_GameServer|Any CPU
		{A81A7080-229B-4651-B255-C764D086C201}.Release_GameServer|x64.ActiveCfg = Release_GameServer|Any CPU
		{A81A7080-229B-4651-B255-C764D086C201}.Release_GameServer|x64.Build.0 = Release_GameServer|Any CPU
		{A81A7080-229B-4651-B255-C764D086C201}.Release_Toolkit|Any CPU.ActiveCfg = Release_Toolkit|Any CPU
		{A81A7080-229B-4651-B255-C764D086C201}.Release_Toolkit|Any CPU.Build.0 = Release_Toolkit|Any CPU
		{A81A7080-229B-4651-B255-C764D086C201}.Release_Toolkit|x64.ActiveCfg = Release_Toolkit|Any CPU
		{A81A7080-229B-4651-B255-C764D086C201}.Release_Toolkit|x64.Build.0 = Release_Toolkit|Any CPU
		{C8007A1B-3321-4368-8C8A-2DE67A195F8C}.Debug_Toolkit|Any CPU.ActiveCfg = Release_GameServer|Any CPU
		{C8007A1B-3321-4368-8C8A-2DE67A195F8C}.Debug_Toolkit|Any CPU.Build.0 = Release_GameServer|Any CPU
		{C8007A1B-3321-4368-8C8A-2DE67A195F8C}.Debug_Toolkit|x64.ActiveCfg = Release_GameServer|Any CPU
		{C8007A1B-3321-4368-8C8A-2DE67A195F8C}.Debug_Toolkit|x64.Build.0 = Release_GameServer|Any CPU
		{C8007A1B-3321-4368-8C8A-2DE67A195F8C}.Release_Client|Any CPU.ActiveCfg = Release_GameServer|Any CPU
		{C8007A1B-3321-4368-8C8A-2DE67A195F8C}.Release_Client|Any CPU.Build.0 = Release_GameServer|Any CPU
		{C8007A1B-3321-4368-8C8A-2DE67A195F8C}.Release_Client|x64.ActiveCfg = Release_GameServer|Any CPU
		{C8007A1B-3321-4368-8C8A-2DE67A195F8C}.Release_Client|x64.Build.0 = Release_GameServer|Any CPU
		{C8007A1B-3321-4368-8C8A-2DE67A195F8C}.Release_GameServer|Any CPU.ActiveCfg = Release_GameServer|Any CPU
		{C8007A1B-3321-4368-8C8A-2DE67A195F8C}.Release_GameServer|Any CPU.Build.0 = Release_GameServer|Any CPU
		{C8007A1B-3321-4368-8C8A-2DE67A195F8C}.Release_GameServer|x64.ActiveCfg = Release_GameServer|Any CPU
		{C8007A1B-3321-4368-8C8A-2DE67A195F8C}.Release_GameServer|x64.Build.0 = Release_GameServer|Any CPU
		{C8007A1B-3321-4368-8C8A-2DE67A195F8C}.Release_Toolkit|Any CPU.ActiveCfg = Release_GameServer|Any CPU
		{C8007A1B-3321-4368-8C8A-2DE67A195F8C}.Release_Toolkit|Any CPU.Build.0 = Release_GameServer|Any CPU
		{C8007A1B-3321-4368-8C8A-2DE67A195F8C}.Release_Toolkit|x64.ActiveCfg = Release_GameServer|Any CPU
		{C8007A1B-3321-4368-8C8A-2DE67A195F8C}.Release_Toolkit|x64.Build.0 = Release_GameServer|Any CPU
		{26124A7F-E87C-43A2-82D5-03EFAC179097}.Debug_Toolkit|Any CPU.ActiveCfg = Release_GameServer|Any CPU
		{26124A7F-E87C-43A2-82D5-03EFAC179097}.Debug_Toolkit|Any CPU.Build.0 = Release_GameServer|Any CPU
		{26124A7F-E87C-43A2-82D5-03EFAC179097}.Debug_Toolkit|x64.ActiveCfg = Release_GameServer|Any CPU
		{26124A7F-E87C-43A2-82D5-03EFAC179097}.Debug_Toolkit|x64.Build.0 = Release_GameServer|Any CPU
		{26124A7F-E87C-43A2-82D5-03EFAC179097}.Release_Client|Any CPU.ActiveCfg = Release_GameServer|Any CPU
		{26124A7F-E87C-43A2-82D5-03EFAC179097}.Release_Client|Any CPU.Build.0 = Release_GameServer|Any CPU
		{26124A7F-E87C-43A2-82D5-03EFAC179097}.Release_Client|x64.ActiveCfg = Release_GameServer|Any CPU
		{26124A7F-E87C-43A2-82D5-03EFAC179097}.Release_Client|x64.Build.0 = Release_GameServer|Any CPU
		{26124A7F-E87C-43A2-82D5-03EFAC179097}.Release_GameServer|Any CPU.ActiveCfg = Release_GameServer|Any CPU
		{26124A7F-E87C-43A2-82D5-03EFAC179097}.Release_GameServer|Any CPU.Build.0 = Release_GameServer|Any CPU
		{26124A7F-E87C-43A2-82D5-03EFAC179097}.Release_GameServer|x64.ActiveCfg = Release_GameServer|Any CPU
		{26124A7F-E87C-43A2-82D5-03EFAC179097}.Release_GameServer|x64.Build.0 = Release_GameServer|Any CPU
		{26124A7F-E87C-43A2-82D5-03EFAC179097}.Release_Toolkit|Any CPU.ActiveCfg = Release_GameServer|Any CPU
		{26124A7F-E87C-43A2-82D5-03EFAC179097}.Release_Toolkit|Any CPU.Build.0 = Release_GameServer|Any CPU
		{26124A7F-E87C-43A2-82D5-03EFAC179097}.Release_Toolkit|x64.ActiveCfg = Release_GameServer|Any CPU
		{26124A7F-E87C-43A2-82D5-03EFAC179097}.Release_Toolkit|x64.Build.0 = Release_GameServer|Any CPU
		{AD7A5E9E-AAC2-4034-A9EC-7D84AF707C33}.Debug_Toolkit|Any CPU.ActiveCfg = Debug_Toolkit|Any CPU
		{AD7A5E9E-AAC2-4034-A9EC-7D84AF707C33}.Debug_Toolkit|Any CPU.Build.0 = Debug_Toolkit|Any CPU
		{AD7A5E9E-AAC2-4034-A9EC-7D84AF707C33}.Debug_Toolkit|x64.ActiveCfg = Debug_Toolkit|Any CPU
		{AD7A5E9E-AAC2-4034-A9EC-7D84AF707C33}.Debug_Toolkit|x64.Build.0 = Debug_Toolkit|Any CPU
		{AD7A5E9E-AAC2-4034-A9EC-7D84AF707C33}.Release_Client|Any CPU.ActiveCfg = Release_Client|Any CPU
		{AD7A5E9E-AAC2-4034-A9EC-7D84AF707C33}.Release_Client|Any CPU.Build.0 = Release_Client|Any CPU
		{AD7A5E9E-AAC2-4034-A9EC-7D84AF707C33}.Release_Client|x64.ActiveCfg = Release_Client|Any CPU
		{AD7A5E9E-AAC2-4034-A9EC-7D84AF707C33}.Release_Client|x64.Build.0 = Release_Client|Any CPU
		{AD7A5E9E-AAC2-4034-A9EC-7D84AF707C33}.Release_GameServer|Any CPU.ActiveCfg = Release_GameServer|Any CPU
		{AD7A5E9E-AAC2-4034-A9EC-7D84AF707C33}.Release_GameServer|Any CPU.Build.0 = Release_GameServer|Any CPU
		{AD7A5E9E-AAC2-4034-A9EC-7D84AF707C33}.Release_GameServer|x64.ActiveCfg = Release_GameServer|Any CPU
		{AD7A5E9E-AAC2-4034-A9EC-7D84AF707C33}.Release_GameServer|x64.Build.0 = Release_GameServer|Any CPU
		{AD7A5E9E-AAC2-4034-A9EC-7D84AF707C33}.Release_Toolkit|Any CPU.ActiveCfg = Release_Toolkit|Any CPU
		{AD7A5E9E-AAC2-4034-A9EC-7D84AF707C33}.Release_Toolkit|Any CPU.Build.0 = Release_Toolkit|Any CPU
		{AD7A5E9E-AAC2-4034-A9EC-7D84AF707C33}.Release_Toolkit|x64.ActiveCfg = Release_Toolkit|Any CPU
		{AD7A5E9E-AAC2-4034-A9EC-7D84AF707C33}.Release_Toolkit|x64.Build.0 = Release_Toolkit|Any CPU
		{DD3DDB30-E89C-47F4-995A-6A31BC6289F3}.Debug_Toolkit|Any CPU.ActiveCfg = Debug_Toolkit|Any CPU
		{DD3DDB30-E89C-47F4-995A-6A31BC6289F3}.Debug_Toolkit|Any CPU.Build.0 = Debug_Toolkit|Any CPU
		{DD3DDB30-E89C-47F4-995A-6A31BC6289F3}.Debug_Toolkit|x64.ActiveCfg = Debug_Toolkit|Any CPU
		{DD3DDB30-E89C-47F4-995A-6A31BC6289F3}.Debug_Toolkit|x64.Build.0 = Debug_Toolkit|Any CPU
		{DD3DDB30-E89C-47F4-995A-6A31BC6289F3}.Release_Client|Any CPU.ActiveCfg = Release_Client|Any CPU
		{DD3DDB30-E89C-47F4-995A-6A31BC6289F3}.Release_Client|Any CPU.Build.0 = Release_Client|Any CPU
		{DD3DDB30-E89C-47F4-995A-6A31BC6289F3}.Release_Client|x64.ActiveCfg = Release_Client|Any CPU
		{DD3DDB30-E89C-47F4-995A-6A31BC6289F3}.Release_Client|x64.Build.0 = Release_Client|Any CPU
		{DD3DDB30-E89C-47F4-995A-6A31BC6289F3}.Release_GameServer|Any CPU.ActiveCfg = Release_GameServer|Any CPU
		{DD3DDB30-E89C-47F4-995A-6A31BC6289F3}.Release_GameServer|Any CPU.Build.0 = Release_GameServer|Any CPU
		{DD3DDB30-E89C-47F4-995A-6A31BC6289F3}.Release_GameServer|x64.ActiveCfg = Release_GameServer|Any CPU
		{DD3DDB30-E89C-47F4-995A-6A31BC6289F3}.Release_GameServer|x64.Build.0 = Release_GameServer|Any CPU
		{DD3DDB30-E89C-47F4-995A-6A31BC6289F3}.Release_Toolkit|Any CPU.ActiveCfg = Release_Toolkit|Any CPU
		{DD3DDB30-E89C-47F4-995A-6A31BC6289F3}.Release_Toolkit|Any CPU.Build.0 = Release_Toolkit|Any CPU
		{DD3DDB30-E89C-47F4-995A-6A31BC6289F3}.Release_Toolkit|x64.ActiveCfg = Release_Toolkit|Any CPU
		{DD3DDB30-E89C-47F4-995A-6A31BC6289F3}.Release_Toolkit|x64.Build.0 = Release_Toolkit|Any CPU
		{28377B12-BA38-40B3-A6DF-E3D21B64E760}.Debug_Toolkit|Any CPU.ActiveCfg = Debug_Toolkit|Any CPU
		{28377B12-BA38-40B3-A6DF-E3D21B64E760}.Debug_Toolkit|Any CPU.Build.0 = Debug_Toolkit|Any CPU
		{28377B12-BA38-40B3-A6DF-E3D21B64E760}.Debug_Toolkit|x64.ActiveCfg = Debug_Toolkit|Any CPU
		{28377B12-BA38-40B3-A6DF-E3D21B64E760}.Debug_Toolkit|x64.Build.0 = Debug_Toolkit|Any CPU
		{28377B12-BA38-40B3-A6DF-E3D21B64E760}.Release_Client|Any CPU.ActiveCfg = Release_Client|Any CPU
		{28377B12-BA38-40B3-A6DF-E3D21B64E760}.Release_Client|Any CPU.Build.0 = Release_Client|Any CPU
		{28377B12-BA38-40B3-A6DF-E3D21B64E760}.Release_Client|x64.ActiveCfg = Release_Client|Any CPU
		{28377B12-BA38-40B3-A6DF-E3D21B64E760}.Release_Client|x64.Build.0 = Release_Client|Any CPU
		{28377B12-BA38-40B3-A6DF-E3D21B64E760}.Release_GameServer|Any CPU.ActiveCfg = Release_GameServer|Any CPU
		{28377B12-BA38-40B3-A6DF-E3D21B64E760}.Release_GameServer|Any CPU.Build.0 = Release_GameServer|Any CPU
		{28377B12-BA38-40B3-A6DF-E3D21B64E760}.Release_GameServer|x64.ActiveCfg = Release_GameServer|Any CPU
		{28377B12-BA38-40B3-A6DF-E3D21B64E760}.Release_GameServer|x64.Build.0 = Release_GameServer|Any CPU
		{28377B12-BA38-40B3-A6DF-E3D21B64E760}.Release_Toolkit|Any CPU.ActiveCfg = Release_Toolkit|Any CPU
		{28377B12-BA38-40B3-A6DF-E3D21B64E760}.Release_Toolkit|Any CPU.Build.0 = Release_Toolkit|Any CPU
		{28377B12-BA38-40B3-A6DF-E3D21B64E760}.Release_Toolkit|x64.ActiveCfg = Release_Toolkit|Any CPU
		{28377B12-BA38-40B3-A6DF-E3D21B64E760}.Release_Toolkit|x64.Build.0 = Release_Toolkit|Any CPU
		{72CE3BBB-BDD0-45D4-9F16-CEE624556A6E}.Debug_Toolkit|Any CPU.ActiveCfg = Debug_Toolkit|Any CPU
		{72CE3BBB-BDD0-45D4-9F16-CEE624556A6E}.Debug_Toolkit|Any CPU.Build.0 = Debug_Toolkit|Any CPU
		{72CE3BBB-BDD0-45D4-9F16-CEE624556A6E}.Debug_Toolkit|x64.ActiveCfg = Debug_Toolkit|Any CPU
		{72CE3BBB-BDD0-45D4-9F16-CEE624556A6E}.Debug_Toolkit|x64.Build.0 = Debug_Toolkit|Any CPU
		{72CE3BBB-BDD0-45D4-9F16-CEE624556A6E}.Release_Client|Any CPU.ActiveCfg = Release_Toolkit|Any CPU
		{72CE3BBB-BDD0-45D4-9F16-CEE624556A6E}.Release_Client|Any CPU.Build.0 = Release_Toolkit|Any CPU
		{72CE3BBB-BDD0-45D4-9F16-CEE624556A6E}.Release_Client|x64.ActiveCfg = Release_Toolkit|Any CPU
		{72CE3BBB-BDD0-45D4-9F16-CEE624556A6E}.Release_Client|x64.Build.0 = Release_Toolkit|Any CPU
		{72CE3BBB-BDD0-45D4-9F16-CEE624556A6E}.Release_GameServer|Any CPU.ActiveCfg = Release_Toolkit|Any CPU
		{72CE3BBB-BDD0-45D4-9F16-CEE624556A6E}.Release_GameServer|Any CPU.Build.0 = Release_Toolkit|Any CPU
		{72CE3BBB-BDD0-45D4-9F16-CEE624556A6E}.Release_GameServer|x64.ActiveCfg = Release_Toolkit|Any CPU
		{72CE3BBB-BDD0-45D4-9F16-CEE624556A6E}.Release_GameServer|x64.Build.0 = Release_Toolkit|Any CPU
		{72CE3BBB-BDD0-45D4-9F16-CEE624556A6E}.Release_Toolkit|Any CPU.ActiveCfg = Release_Toolkit|Any CPU
		{72CE3BBB-BDD0-45D4-9F16-CEE624556A6E}.Release_Toolkit|Any CPU.Build.0 = Release_Toolkit|Any CPU
		{72CE3BBB-BDD0-45D4-9F16-CEE624556A6E}.Release_Toolkit|x64.ActiveCfg = Release_Toolkit|Any CPU
		{72CE3BBB-BDD0-45D4-9F16-CEE624556A6E}.Release_Toolkit|x64.Build.0 = Release_Toolkit|Any CPU
		{02806AB4-BA03-410F-9C67-AC9F12B84BB4}.Debug_Toolkit|Any CPU.ActiveCfg = Debug_Toolkit|Any CPU
		{02806AB4-BA03-410F-9C67-AC9F12B84BB4}.Debug_Toolkit|Any CPU.Build.0 = Debug_Toolkit|Any CPU
		{02806AB4-BA03-410F-9C67-AC9F12B84BB4}.Debug_Toolkit|x64.ActiveCfg = Debug_Toolkit|Any CPU
		{02806AB4-BA03-410F-9C67-AC9F12B84BB4}.Debug_Toolkit|x64.Build.0 = Debug_Toolkit|Any CPU
		{02806AB4-BA03-410F-9C67-AC9F12B84BB4}.Release_Client|Any CPU.ActiveCfg = Release_Client|Any CPU
		{02806AB4-BA03-410F-9C67-AC9F12B84BB4}.Release_Client|Any CPU.Build.0 = Release_Client|Any CPU
		{02806AB4-BA03-410F-9C67-AC9F12B84BB4}.Release_Client|x64.ActiveCfg = Release_Client|Any CPU
		{02806AB4-BA03-410F-9C67-AC9F12B84BB4}.Release_Client|x64.Build.0 = Release_Client|Any CPU
		{02806AB4-BA03-410F-9C67-AC9F12B84BB4}.Release_GameServer|Any CPU.ActiveCfg = Release_GameServer|Any CPU
		{02806AB4-BA03-410F-9C67-AC9F12B84BB4}.Release_GameServer|Any CPU.Build.0 = Release_GameServer|Any CPU
		{02806AB4-BA03-410F-9C67-AC9F12B84BB4}.Release_GameServer|x64.ActiveCfg = Release_GameServer|Any CPU
		{02806AB4-BA03-410F-9C67-AC9F12B84BB4}.Release_GameServer|x64.Build.0 = Release_GameServer|Any CPU
		{02806AB4-BA03-410F-9C67-AC9F12B84BB4}.Release_Toolkit|Any CPU.ActiveCfg = Release_Toolkit|Any CPU
		{02806AB4-BA03-410F-9C67-AC9F12B84BB4}.Release_Toolkit|Any CPU.Build.0 = Release_Toolkit|Any CPU
		{02806AB4-BA03-410F-9C67-AC9F12B84BB4}.Release_Toolkit|x64.ActiveCfg = Release_Toolkit|Any CPU
		{02806AB4-BA03-410F-9C67-AC9F12B84BB4}.Release_Toolkit|x64.Build.0 = Release_Toolkit|Any CPU
		{B7822616-F7DE-41CB-BEA6-B7AA7C79219D}.Debug_Toolkit|Any CPU.ActiveCfg = Debug_Toolkit|Any CPU
		{B7822616-F7DE-41CB-BEA6-B7AA7C79219D}.Debug_Toolkit|Any CPU.Build.0 = Debug_Toolkit|Any CPU
		{B7822616-F7DE-41CB-BEA6-B7AA7C79219D}.Debug_Toolkit|x64.ActiveCfg = Debug_Toolkit|Any CPU
		{B7822616-F7DE-41CB-BEA6-B7AA7C79219D}.Debug_Toolkit|x64.Build.0 = Debug_Toolkit|Any CPU
		{B7822616-F7DE-41CB-BEA6-B7AA7C79219D}.Release_Client|Any CPU.ActiveCfg = Release_Client|Any CPU
		{B7822616-F7DE-41CB-BEA6-B7AA7C79219D}.Release_Client|Any CPU.Build.0 = Release_Client|Any CPU
		{B7822616-F7DE-41CB-BEA6-B7AA7C79219D}.Release_Client|x64.ActiveCfg = Release_Client|Any CPU
		{B7822616-F7DE-41CB-BEA6-B7AA7C79219D}.Release_Client|x64.Build.0 = Release_Client|Any CPU
		{B7822616-F7DE-41CB-BEA6-B7AA7C79219D}.Release_GameServer|Any CPU.ActiveCfg = Release_GameServer|Any CPU
		{B7822616-F7DE-41CB-BEA6-B7AA7C79219D}.Release_GameServer|Any CPU.Build.0 = Release_GameServer|Any CPU
		{B7822616-F7DE-41CB-BEA6-B7AA7C79219D}.Release_GameServer|x64.ActiveCfg = Release_GameServer|Any CPU
		{B7822616-F7DE-41CB-BEA6-B7AA7C79219D}.Release_GameServer|x64.Build.0 = Release_GameServer|Any CPU
		{B7822616-F7DE-41CB-BEA6-B7AA7C79219D}.Release_Toolkit|Any CPU.ActiveCfg = Release_Toolkit|Any CPU
		{B7822616-F7DE-41CB-BEA6-B7AA7C79219D}.Release_Toolkit|Any CPU.Build.0 = Release_Toolkit|Any CPU
		{B7822616-F7DE-41CB-BEA6-B7AA7C79219D}.Release_Toolkit|x64.ActiveCfg = Release_Toolkit|Any CPU
		{B7822616-F7DE-41CB-BEA6-B7AA7C79219D}.Release_Toolkit|x64.Build.0 = Release_Toolkit|Any CPU
		{642B502B-ED1F-49B7-A662-8BFCB0FD3FC6}.Debug_Toolkit|Any CPU.ActiveCfg = Debug_Toolkit|Any CPU
		{642B502B-ED1F-49B7-A662-8BFCB0FD3FC6}.Debug_Toolkit|Any CPU.Build.0 = Debug_Toolkit|Any CPU
		{642B502B-ED1F-49B7-A662-8BFCB0FD3FC6}.Debug_Toolkit|x64.ActiveCfg = Debug_Toolkit|Any CPU
		{642B502B-ED1F-49B7-A662-8BFCB0FD3FC6}.Debug_Toolkit|x64.Build.0 = Debug_Toolkit|Any CPU
		{642B502B-ED1F-49B7-A662-8BFCB0FD3FC6}.Release_Client|Any CPU.ActiveCfg = Release_Client|Any CPU
		{642B502B-ED1F-49B7-A662-8BFCB0FD3FC6}.Release_Client|Any CPU.Build.0 = Release_Client|Any CPU
		{642B502B-ED1F-49B7-A662-8BFCB0FD3FC6}.Release_Client|x64.ActiveCfg = Release_Client|Any CPU
		{642B502B-ED1F-49B7-A662-8BFCB0FD3FC6}.Release_Client|x64.Build.0 = Release_Client|Any CPU
		{642B502B-ED1F-49B7-A662-8BFCB0FD3FC6}.Release_GameServer|Any CPU.ActiveCfg = Release_GameServer|Any CPU
		{642B502B-ED1F-49B7-A662-8BFCB0FD3FC6}.Release_GameServer|Any CPU.Build.0 = Release_GameServer|Any CPU
		{642B502B-ED1F-49B7-A662-8BFCB0FD3FC6}.Release_GameServer|x64.ActiveCfg = Release_GameServer|Any CPU
		{642B502B-ED1F-49B7-A662-8BFCB0FD3FC6}.Release_GameServer|x64.Build.0 = Release_GameServer|Any CPU
		{642B502B-ED1F-49B7-A662-8BFCB0FD3FC6}.Release_Toolkit|Any CPU.ActiveCfg = Release_Toolkit|Any CPU
		{642B502B-ED1F-49B7-A662-8BFCB0FD3FC6}.Release_Toolkit|Any CPU.Build.0 = Release_Toolkit|Any CPU
		{642B502B-ED1F-49B7-A662-8BFCB0FD3FC6}.Release_Toolkit|x64.ActiveCfg = Release_Toolkit|Any CPU
		{642B502B-ED1F-49B7-A662-8BFCB0FD3FC6}.Release_Toolkit|x64.Build.0 = Release_Toolkit|Any CPU
		{7593C641-8ABF-42E7-97DE-9F8346745608}.Debug_Toolkit|Any CPU.ActiveCfg = Debug_Toolkit|Any CPU
		{7593C641-8ABF-42E7-97DE-9F8346745608}.Debug_Toolkit|Any CPU.Build.0 = Debug_Toolkit|Any CPU
		{7593C641-8ABF-42E7-97DE-9F8346745608}.Debug_Toolkit|x64.ActiveCfg = Debug_Toolkit|Any CPU
		{7593C641-8ABF-42E7-97DE-9F8346745608}.Debug_Toolkit|x64.Build.0 = Debug_Toolkit|Any CPU
		{7593C641-8ABF-42E7-97DE-9F8346745608}.Release_Client|Any CPU.ActiveCfg = Release_Client|Any CPU
		{7593C641-8ABF-42E7-97DE-9F8346745608}.Release_Client|Any CPU.Build.0 = Release_Client|Any CPU
		{7593C641-8ABF-42E7-97DE-9F8346745608}.Release_Client|x64.ActiveCfg = Release_Client|Any CPU
		{7593C641-8ABF-42E7-97DE-9F8346745608}.Release_Client|x64.Build.0 = Release_Client|Any CPU
		{7593C641-8ABF-42E7-97DE-9F8346745608}.Release_GameServer|Any CPU.ActiveCfg = Release_GameServer|Any CPU
		{7593C641-8ABF-42E7-97DE-9F8346745608}.Release_GameServer|Any CPU.Build.0 = Release_GameServer|Any CPU
		{7593C641-8ABF-42E7-97DE-9F8346745608}.Release_GameServer|x64.ActiveCfg = Release_GameServer|Any CPU
		{7593C641-8ABF-42E7-97DE-9F8346745608}.Release_GameServer|x64.Build.0 = Release_GameServer|Any CPU
		{7593C641-8ABF-42E7-97DE-9F8346745608}.Release_Toolkit|Any CPU.ActiveCfg = Release_Toolkit|Any CPU
		{7593C641-8ABF-42E7-97DE-9F8346745608}.Release_Toolkit|Any CPU.Build.0 = Release_Toolkit|Any CPU
		{7593C641-8ABF-42E7-97DE-9F8346745608}.Release_Toolkit|x64.ActiveCfg = Release_Toolkit|Any CPU
		{7593C641-8ABF-42E7-97DE-9F8346745608}.Release_Toolkit|x64.Build.0 = Release_Toolkit|Any CPU
		{A277CE7E-E6C3-4882-9D97-5F9739C10FD9}.Debug_Toolkit|Any CPU.ActiveCfg = Debug_Toolkit|Any CPU
		{A277CE7E-E6C3-4882-9D97-5F9739C10FD9}.Debug_Toolkit|Any CPU.Build.0 = Debug_Toolkit|Any CPU
		{A277CE7E-E6C3-4882-9D97-5F9739C10FD9}.Debug_Toolkit|x64.ActiveCfg = Debug_Toolkit|x64
		{A277CE7E-E6C3-4882-9D97-5F9739C10FD9}.Debug_Toolkit|x64.Build.0 = Debug_Toolkit|x64
		{A277CE7E-E6C3-4882-9D97-5F9739C10FD9}.Release_Client|Any CPU.ActiveCfg = Release_Toolkit|Any CPU
		{A277CE7E-E6C3-4882-9D97-5F9739C10FD9}.Release_Client|Any CPU.Build.0 = Release_Toolkit|Any CPU
		{A277CE7E-E6C3-4882-9D97-5F9739C10FD9}.Release_Client|x64.ActiveCfg = Release_Toolkit|x64
		{A277CE7E-E6C3-4882-9D97-5F9739C10FD9}.Release_Client|x64.Build.0 = Release_Toolkit|x64
		{A277CE7E-E6C3-4882-9D97-5F9739C10FD9}.Release_GameServer|Any CPU.ActiveCfg = Release_Toolkit|Any CPU
		{A277CE7E-E6C3-4882-9D97-5F9739C10FD9}.Release_GameServer|Any CPU.Build.0 = Release_Toolkit|Any CPU
		{A277CE7E-E6C3-4882-9D97-5F9739C10FD9}.Release_GameServer|x64.ActiveCfg = Release_Toolkit|x64
		{A277CE7E-E6C3-4882-9D97-5F9739C10FD9}.Release_GameServer|x64.Build.0 = Release_Toolkit|x64
		{A277CE7E-E6C3-4882-9D97-5F9739C10FD9}.Release_Toolkit|Any CPU.ActiveCfg = Release_Toolkit|Any CPU
		{A277CE7E-E6C3-4882-9D97-5F9739C10FD9}.Release_Toolkit|Any CPU.Build.0 = Release_Toolkit|Any CPU
		{A277CE7E-E6C3-4882-9D97-5F9739C10FD9}.Release_Toolkit|x64.ActiveCfg = Release_Toolkit|x64
		{A277CE7E-E6C3-4882-9D97-5F9739C10FD9}.Release_Toolkit|x64.Build.0 = Release_Toolkit|x64
		{8A53E4B1-10DE-4F70-8C20-F4D0CCEAE676}.Debug_Toolkit|Any CPU.ActiveCfg = Debug_Toolkit|Any CPU
		{8A53E4B1-10DE-4F70-8C20-F4D0CCEAE676}.Debug_Toolkit|Any CPU.Build.0 = Debug_Toolkit|Any CPU
		{8A53E4B1-10DE-4F70-8C20-F4D0CCEAE676}.Debug_Toolkit|x64.ActiveCfg = Debug_Toolkit|Any CPU
		{8A53E4B1-10DE-4F70-8C20-F4D0CCEAE676}.Debug_Toolkit|x64.Build.0 = Debug_Toolkit|Any CPU
		{8A53E4B1-10DE-4F70-8C20-F4D0CCEAE676}.Release_Client|Any CPU.ActiveCfg = Release_Toolkit|Any CPU
		{8A53E4B1-10DE-4F70-8C20-F4D0CCEAE676}.Release_Client|Any CPU.Build.0 = Release_Toolkit|Any CPU
		{8A53E4B1-10DE-4F70-8C20-F4D0CCEAE676}.Release_Client|x64.ActiveCfg = Release_Toolkit|Any CPU
		{8A53E4B1-10DE-4F70-8C20-F4D0CCEAE676}.Release_Client|x64.Build.0 = Release_Toolkit|Any CPU
		{8A53E4B1-10DE-4F70-8C20-F4D0CCEAE676}.Release_GameServer|Any CPU.ActiveCfg = Release_Toolkit|Any CPU
		{8A53E4B1-10DE-4F70-8C20-F4D0CCEAE676}.Release_GameServer|Any CPU.Build.0 = Release_Toolkit|Any CPU
		{8A53E4B1-10DE-4F70-8C20-F4D0CCEAE676}.Release_GameServer|x64.ActiveCfg = Release_Toolkit|Any CPU
		{8A53E4B1-10DE-4F70-8C20-F4D0CCEAE676}.Release_GameServer|x64.Build.0 = Release_Toolkit|Any CPU
		{8A53E4B1-10DE-4F70-8C20-F4D0CCEAE676}.Release_Toolkit|Any CPU.ActiveCfg = Release_Toolkit|Any CPU
		{8A53E4B1-10DE-4F70-8C20-F4D0CCEAE676}.Release_Toolkit|Any CPU.Build.0 = Release_Toolkit|Any CPU
		{8A53E4B1-10DE-4F70-8C20-F4D0CCEAE676}.Release_Toolkit|x64.ActiveCfg = Release_Toolkit|Any CPU
		{8A53E4B1-10DE-4F70-8C20-F4D0CCEAE676}.Release_Toolkit|x64.Build.0 = Release_Toolkit|Any CPU
	EndGlobalSection
	GlobalSection(SolutionProperties) = preSolution
		HideSolutionNode = FALSE
	EndGlobalSection
	GlobalSection(NestedProjects) = preSolution
		{DB5DADC6-9949-4DFA-9021-FB909BC17FDA} = {6D877B11-8658-4C18-8883-067E52F1E044}
		{326AC461-EE5C-4872-862B-5F522FB8AC52} = {6D877B11-8658-4C18-8883-067E52F1E044}
		{4EBD4F82-F6B2-4731-91F2-3B2EAE5626B5} = {6D877B11-8658-4C18-8883-067E52F1E044}
		{8226245E-4CB0-4EAC-B22F-409B50175E6A} = {6D877B11-8658-4C18-8883-067E52F1E044}
		{AC69A0A6-068E-476E-A820-D4EC3F746571} = {6D877B11-8658-4C18-8883-067E52F1E044}
		{84F640E5-12A1-48B6-924B-9C2B4A08CA73} = {AC69A0A6-068E-476E-A820-D4EC3F746571}
		{AAE6E2C5-544B-452D-97DF-59390BD0047F} = {734AEF3C-DA42-49DA-ACBE-A4C5DA4913D0}
		{A81A7080-229B-4651-B255-C764D086C201} = {734AEF3C-DA42-49DA-ACBE-A4C5DA4913D0}
		{C8007A1B-3321-4368-8C8A-2DE67A195F8C} = {99500218-E608-4FD6-B8D6-C6AD3EECD1BA}
		{26124A7F-E87C-43A2-82D5-03EFAC179097} = {99500218-E608-4FD6-B8D6-C6AD3EECD1BA}
		{AD7A5E9E-AAC2-4034-A9EC-7D84AF707C33} = {6D877B11-8658-4C18-8883-067E52F1E044}
		{DD3DDB30-E89C-47F4-995A-6A31BC6289F3} = {AC69A0A6-068E-476E-A820-D4EC3F746571}
		{28377B12-BA38-40B3-A6DF-E3D21B64E760} = {AC69A0A6-068E-476E-A820-D4EC3F746571}
		{72CE3BBB-BDD0-45D4-9F16-CEE624556A6E} = {734AEF3C-DA42-49DA-ACBE-A4C5DA4913D0}
		{02806AB4-BA03-410F-9C67-AC9F12B84BB4} = {C7DF3DE8-FE40-4925-87C6-67ABF2CBAA22}
		{B7822616-F7DE-41CB-BEA6-B7AA7C79219D} = {C7DF3DE8-FE40-4925-87C6-67ABF2CBAA22}
		{642B502B-ED1F-49B7-A662-8BFCB0FD3FC6} = {C7DF3DE8-FE40-4925-87C6-67ABF2CBAA22}
		{C7DF3DE8-FE40-4925-87C6-67ABF2CBAA22} = {6D877B11-8658-4C18-8883-067E52F1E044}
		{7593C641-8ABF-42E7-97DE-9F8346745608} = {C7DF3DE8-FE40-4925-87C6-67ABF2CBAA22}
		{734AEF3C-DA42-49DA-ACBE-A4C5DA4913D0} = {2416DC8F-B0E6-43B8-A9A5-391D66B2A809}
		{A277CE7E-E6C3-4882-9D97-5F9739C10FD9} = {2416DC8F-B0E6-43B8-A9A5-391D66B2A809}
		{7BC6A52A-603D-40CD-B3DC-44330B255DFD} = {2416DC8F-B0E6-43B8-A9A5-391D66B2A809}
		{8A53E4B1-10DE-4F70-8C20-F4D0CCEAE676} = {7BC6A52A-603D-40CD-B3DC-44330B255DFD}
	EndGlobalSection
	GlobalSection(ExtensibilityGlobals) = postSolution
		SolutionGuid = {3C5A425F-89BA-46F0-A17F-227524327FE5}
	EndGlobalSection
EndGlobal
