
Microsoft Visual Studio Solution File, Format Version 12.00
# Visual Studio Version 16
VisualStudioVersion = 16.0.28803.202
MinimumVisualStudioVersion = 10.0.40219.1
Project("{F184B08F-C81C-45F6-A57F-5ABD9991F28F}") = "Community ToolKit", "COH.Tools\Community ToolKit.vbproj", "{C37DE3B9-8894-4075-A670-A76DB42D0241}"
EndProject
Project("{778DAE3C-4631-46EA-AA77-85C1314464D9}") = "COH.GameContent", "COH.GameContent\COH.GameContent.vbproj", "{446D94A0-82BA-42CC-B9C2-11435D598EA1}"
EndProject
Project("{778DAE3C-4631-46EA-AA77-85C1314464D9}") = "COH.GameContent.Structures", "COH.GameContent.Structures\COH.GameContent.Structures.vbproj", "{8DDC90C2-0164-4361-BE3E-25D9B5A32C88}"
EndProject
Project("{778DAE3C-4631-46EA-AA77-85C1314464D9}") = "COH.GameContent.MessageStores", "COH.GameContent.MessageStores\COH.GameContent.MessageStores.vbproj", "{CD3B9490-5B13-47A0-A034-C8DEB7A473C5}"
EndProject
Project("{778DAE3C-4631-46EA-AA77-85C1314464D9}") = "COH.GameContent.Resources", "COH.GameContent.Resources\COH.GameContent.Resources.vbproj", "{AB288625-AA81-433E-B9F2-E9115BA5EB90}"
EndProject
Project("{778DAE3C-4631-46EA-AA77-85C1314464D9}") = "COH.Tools.PiggyBin", "COH.Tools.PiggyBin\COH.Tools.PiggyBin.vbproj", "{DA8FB134-E99E-4C74-8F9E-A1688E31DE9B}"
EndProject
Project("{2150E333-8FDC-42A3-9474-1A3956D46DE8}") = "GameContent", "GameContent", "{6AEE84AC-69BA-4691-8663-0719A835C19A}"
EndProject
Project("{2150E333-8FDC-42A3-9474-1A3956D46DE8}") = "Tools", "Tools", "{6D6B60CF-7FE6-4092-B3D4-C105E0FBE9FC}"
EndProject
Project("{F184B08F-C81C-45F6-A57F-5ABD9991F28F}") = "COH.Tools.WPFControls", "COH.Tools.Controls.WPF\COH.Tools.WPFControls.vbproj", "{83FE931C-52A1-4F5A-9237-5312E82202DF}"
EndProject
Project("{2150E333-8FDC-42A3-9474-1A3956D46DE8}") = "Toolkit", "Toolkit", "{7A03AAB0-DB31-401A-ABA3-63D7BEDABCE9}"
EndProject
Project("{F184B08F-C81C-45F6-A57F-5ABD9991F28F}") = "COH.Tools.Controls", "COH.Tools.Controls.Forms\COH.Tools.Controls.vbproj", "{B8773F03-FB3B-4266-88F0-3EDC4D0DC976}"
EndProject
Project("{F184B08F-C81C-45F6-A57F-5ABD9991F28F}") = "COH.Tools.Modding", "COH.Tools.Modding\COH.Tools.Modding.vbproj", "{3F39DEE8-4FD0-43C0-A312-380CF1CEA501}"
EndProject
Global
	GlobalSection(SolutionConfigurationPlatforms) = preSolution
		Debug_Toolkit|Any CPU = Debug_Toolkit|Any CPU
		Release_Toolkit|Any CPU = Release_Toolkit|Any CPU
	EndGlobalSection
	GlobalSection(ProjectConfigurationPlatforms) = postSolution
		{C37DE3B9-8894-4075-A670-A76DB42D0241}.Debug_Toolkit|Any CPU.ActiveCfg = Debug|Any CPU
		{C37DE3B9-8894-4075-A670-A76DB42D0241}.Debug_Toolkit|Any CPU.Build.0 = Debug|Any CPU
		{C37DE3B9-8894-4075-A670-A76DB42D0241}.Release_Toolkit|Any CPU.ActiveCfg = Release|Any CPU
		{C37DE3B9-8894-4075-A670-A76DB42D0241}.Release_Toolkit|Any CPU.Build.0 = Release|Any CPU
		{446D94A0-82BA-42CC-B9C2-11435D598EA1}.Debug_Toolkit|Any CPU.ActiveCfg = Debug_Toolkit|Any CPU
		{446D94A0-82BA-42CC-B9C2-11435D598EA1}.Debug_Toolkit|Any CPU.Build.0 = Debug_Toolkit|Any CPU
		{446D94A0-82BA-42CC-B9C2-11435D598EA1}.Release_Toolkit|Any CPU.ActiveCfg = Release_Toolkit|Any CPU
		{446D94A0-82BA-42CC-B9C2-11435D598EA1}.Release_Toolkit|Any CPU.Build.0 = Release_Toolkit|Any CPU
		{8DDC90C2-0164-4361-BE3E-25D9B5A32C88}.Debug_Toolkit|Any CPU.ActiveCfg = Debug_Toolkit|Any CPU
		{8DDC90C2-0164-4361-BE3E-25D9B5A32C88}.Debug_Toolkit|Any CPU.Build.0 = Debug_Toolkit|Any CPU
		{8DDC90C2-0164-4361-BE3E-25D9B5A32C88}.Release_Toolkit|Any CPU.ActiveCfg = Debug_Toolkit|Any CPU
		{8DDC90C2-0164-4361-BE3E-25D9B5A32C88}.Release_Toolkit|Any CPU.Build.0 = Debug_Toolkit|Any CPU
		{CD3B9490-5B13-47A0-A034-C8DEB7A473C5}.Debug_Toolkit|Any CPU.ActiveCfg = Debug|Any CPU
		{CD3B9490-5B13-47A0-A034-C8DEB7A473C5}.Debug_Toolkit|Any CPU.Build.0 = Debug|Any CPU
		{CD3B9490-5B13-47A0-A034-C8DEB7A473C5}.Release_Toolkit|Any CPU.ActiveCfg = Release|Any CPU
		{CD3B9490-5B13-47A0-A034-C8DEB7A473C5}.Release_Toolkit|Any CPU.Build.0 = Release|Any CPU
		{AB288625-AA81-433E-B9F2-E9115BA5EB90}.Debug_Toolkit|Any CPU.ActiveCfg = Debug|Any CPU
		{AB288625-AA81-433E-B9F2-E9115BA5EB90}.Debug_Toolkit|Any CPU.Build.0 = Debug|Any CPU
		{AB288625-AA81-433E-B9F2-E9115BA5EB90}.Release_Toolkit|Any CPU.ActiveCfg = Release|Any CPU
		{AB288625-AA81-433E-B9F2-E9115BA5EB90}.Release_Toolkit|Any CPU.Build.0 = Release|Any CPU
		{DA8FB134-E99E-4C74-8F9E-A1688E31DE9B}.Debug_Toolkit|Any CPU.ActiveCfg = Debug|Any CPU
		{DA8FB134-E99E-4C74-8F9E-A1688E31DE9B}.Debug_Toolkit|Any CPU.Build.0 = Debug|Any CPU
		{DA8FB134-E99E-4C74-8F9E-A1688E31DE9B}.Release_Toolkit|Any CPU.ActiveCfg = Release|Any CPU
		{DA8FB134-E99E-4C74-8F9E-A1688E31DE9B}.Release_Toolkit|Any CPU.Build.0 = Release|Any CPU
		{83FE931C-52A1-4F5A-9237-5312E82202DF}.Debug_Toolkit|Any CPU.ActiveCfg = Debug|Any CPU
		{83FE931C-52A1-4F5A-9237-5312E82202DF}.Debug_Toolkit|Any CPU.Build.0 = Debug|Any CPU
		{83FE931C-52A1-4F5A-9237-5312E82202DF}.Release_Toolkit|Any CPU.ActiveCfg = Release|Any CPU
		{83FE931C-52A1-4F5A-9237-5312E82202DF}.Release_Toolkit|Any CPU.Build.0 = Release|Any CPU
		{B8773F03-FB3B-4266-88F0-3EDC4D0DC976}.Debug_Toolkit|Any CPU.ActiveCfg = Debug|Any CPU
		{B8773F03-FB3B-4266-88F0-3EDC4D0DC976}.Debug_Toolkit|Any CPU.Build.0 = Debug|Any CPU
		{B8773F03-FB3B-4266-88F0-3EDC4D0DC976}.Release_Toolkit|Any CPU.ActiveCfg = Release|Any CPU
		{B8773F03-FB3B-4266-88F0-3EDC4D0DC976}.Release_Toolkit|Any CPU.Build.0 = Release|Any CPU
		{3F39DEE8-4FD0-43C0-A312-380CF1CEA501}.Debug_Toolkit|Any CPU.ActiveCfg = Debug|Any CPU
		{3F39DEE8-4FD0-43C0-A312-380CF1CEA501}.Debug_Toolkit|Any CPU.Build.0 = Debug|Any CPU
		{3F39DEE8-4FD0-43C0-A312-380CF1CEA501}.Release_Toolkit|Any CPU.ActiveCfg = Release|Any CPU
		{3F39DEE8-4FD0-43C0-A312-380CF1CEA501}.Release_Toolkit|Any CPU.Build.0 = Release|Any CPU
	EndGlobalSection
	GlobalSection(SolutionProperties) = preSolution
		HideSolutionNode = FALSE
	EndGlobalSection
	GlobalSection(NestedProjects) = preSolution
		{446D94A0-82BA-42CC-B9C2-11435D598EA1} = {6AEE84AC-69BA-4691-8663-0719A835C19A}
		{8DDC90C2-0164-4361-BE3E-25D9B5A32C88} = {6AEE84AC-69BA-4691-8663-0719A835C19A}
		{CD3B9490-5B13-47A0-A034-C8DEB7A473C5} = {6AEE84AC-69BA-4691-8663-0719A835C19A}
		{AB288625-AA81-433E-B9F2-E9115BA5EB90} = {6AEE84AC-69BA-4691-8663-0719A835C19A}
		{DA8FB134-E99E-4C74-8F9E-A1688E31DE9B} = {6D6B60CF-7FE6-4092-B3D4-C105E0FBE9FC}
		{83FE931C-52A1-4F5A-9237-5312E82202DF} = {7A03AAB0-DB31-401A-ABA3-63D7BEDABCE9}
		{B8773F03-FB3B-4266-88F0-3EDC4D0DC976} = {7A03AAB0-DB31-401A-ABA3-63D7BEDABCE9}
		{3F39DEE8-4FD0-43C0-A312-380CF1CEA501} = {6D6B60CF-7FE6-4092-B3D4-C105E0FBE9FC}
	EndGlobalSection
	GlobalSection(ExtensibilityGlobals) = postSolution
		SolutionGuid = {77D4CBB8-235E-46DB-9DCC-6A5C8E1FEF98}
	EndGlobalSection
EndGlobal
